
Microsoft Visual Studio Solution File, Format Version 12.00
# Visual Studio Version 16
VisualStudioVersion = 16.0.29905.134
MinimumVisualStudioVersion = 10.0.40219.1
Project("{9A19103F-16F7-4668-BE54-9A1E7A4F7556}") = "ICSController", "ICSController.csproj", "{D319747B-4D31-4751-BA4F-A512BE8A9E07}"
EndProject
Global
	GlobalSection(SolutionConfigurationPlatforms) = preSolution
		Debug|Any CPU = Debug|Any CPU
		Release|Any CPU = Release|Any CPU
	EndGlobalSection
	GlobalSection(ProjectConfigurationPlatforms) = postSolution
		{D319747B-4D31-4751-BA4F-A512BE8A9E07}.Debug|Any CPU.ActiveCfg = Debug|Any CPU
		{D319747B-4D31-4751-BA4F-A512BE8A9E07}.Debug|Any CPU.Build.0 = Debug|Any CPU
		{D319747B-4D31-4751-BA4F-A512BE8A9E07}.Release|Any CPU.ActiveCfg = Release|Any CPU
		{D319747B-4D31-4751-BA4F-A512BE8A9E07}.Release|Any CPU.Build.0 = Release|Any CPU
	EndGlobalSection
	GlobalSection(SolutionProperties) = preSolution
		HideSolutionNode = FALSE
	EndGlobalSection
	GlobalSection(ExtensibilityGlobals) = postSolution
		SolutionGuid = {D6BA8F61-970D-4760-B90A-0400C8FE229B}
	EndGlobalSection
EndGlobal
